# THIS IS AN AUTOGENERATED FILE. DO NOT EDIT THIS FILE DIRECTLY.
# yarn lockfile v1


"@fimbul/bifrost@^0.6.0":
  version "0.6.0"
  resolved "https://registry.yarnpkg.com/@fimbul/bifrost/-/bifrost-0.6.0.tgz#5150302b63e1bd37ff95f561c3605949cb7e3770"
  dependencies:
    "@fimbul/ymir" "^0.6.0"
    get-caller-file "^1.0.2"
    tslib "^1.8.1"

"@fimbul/ymir@^0.6.0":
  version "0.6.0"
  resolved "https://registry.yarnpkg.com/@fimbul/ymir/-/ymir-0.6.0.tgz#537cb15d361b7c993fe953b48c898ecdf4f671b8"
  dependencies:
    inversify "^4.10.0"
    reflect-metadata "^0.1.12"
    tslib "^1.8.1"

get-caller-file@^1.0.2:
  version "1.0.2"
  resolved "https://registry.yarnpkg.com/get-caller-file/-/get-caller-file-1.0.2.tgz#f702e63127e7e231c160a80c1554acb70d5047e5"

inversify@^4.10.0:
  version "4.13.0"
  resolved "https://registry.yarnpkg.com/inversify/-/inversify-4.13.0.tgz#0ab40570bfa4474b04d5b919bbab3a4f682a72f5"

reflect-metadata@^0.1.12:
  version "0.1.12"
  resolved "https://registry.yarnpkg.com/reflect-metadata/-/reflect-metadata-0.1.12.tgz#311bf0c6b63cd782f228a81abe146a2bfa9c56f2"

tslib@^1.7.1, tslib@^1.8.1:
  version "1.9.1"
  resolved "https://registry.yarnpkg.com/tslib/-/tslib-1.9.1.tgz#a5d1f0532a49221c87755cfcc89ca37197242ba7"

tslint-consistent-codestyle@^1.13.0:
  version "1.13.0"
  resolved "https://registry.yarnpkg.com/tslint-consistent-codestyle/-/tslint-consistent-codestyle-1.13.0.tgz#82abf230bf39e01159b4e9af721d489dd5ae0e6c"
  dependencies:
    "@fimbul/bifrost" "^0.6.0"
    tslib "^1.7.1"
    tsutils "^2.24.0"

tsutils@^2.24.0:
  version "2.27.1"
  resolved "https://registry.yarnpkg.com/tsutils/-/tsutils-2.27.1.tgz#ab0276ac23664f36ce8fd4414daec4aebf4373ee"
  dependencies:
    tslib "^1.8.1"
